
Microsoft Visual Studio Solution File, Format Version 12.00
# Visual Studio Version 17
VisualStudioVersion = 17.9.34407.89
MinimumVisualStudioVersion = 10.0.40219.1
Project("{FAE04EC0-301F-11D3-BF4B-00C04F79EFBC}") = "Gamepad_test", "Gamepad_test.csproj", "{21F0FD3C-95E1-4659-9979-A729FCB0F6FF}"
EndProject
Project("{9A19103F-16F7-4668-BE54-9A1E7A4F7556}") = "Gamepad", "..\Gamepad\Gamepad.csproj", "{6066D517-45AF-4F94-94A4-4A87D3FB1AC8}"
EndProject
Global
	GlobalSection(SolutionConfigurationPlatforms) = preSolution
		Debug|Any CPU = Debug|Any CPU
		Release|Any CPU = Release|Any CPU
	EndGlobalSection
	GlobalSection(ProjectConfigurationPlatforms) = postSolution
		{21F0FD3C-95E1-4659-9979-A729FCB0F6FF}.Debug|Any CPU.ActiveCfg = Debug|Any CPU
		{21F0FD3C-95E1-4659-9979-A729FCB0F6FF}.Debug|Any CPU.Build.0 = Debug|Any CPU
		{21F0FD3C-95E1-4659-9979-A729FCB0F6FF}.Release|Any CPU.ActiveCfg = Release|Any CPU
		{21F0FD3C-95E1-4659-9979-A729FCB0F6FF}.Release|Any CPU.Build.0 = Release|Any CPU
		{6066D517-45AF-4F94-94A4-4A87D3FB1AC8}.Debug|Any CPU.ActiveCfg = Debug|Any CPU
		{6066D517-45AF-4F94-94A4-4A87D3FB1AC8}.Debug|Any CPU.Build.0 = Debug|Any CPU
		{6066D517-45AF-4F94-94A4-4A87D3FB1AC8}.Release|Any CPU.ActiveCfg = Release|Any CPU
		{6066D517-45AF-4F94-94A4-4A87D3FB1AC8}.Release|Any CPU.Build.0 = Release|Any CPU
	EndGlobalSection
	GlobalSection(SolutionProperties) = preSolution
		HideSolutionNode = FALSE
	EndGlobalSection
	GlobalSection(ExtensibilityGlobals) = postSolution
		SolutionGuid = {5FB83A97-28D4-4A3E-BA3C-2962709EE69B}
	EndGlobalSection
EndGlobal
